
Microsoft Visual Studio Solution File, Format Version 12.00
# Visual Studio Version 16
VisualStudioVersion = 16.0.31112.23
MinimumVisualStudioVersion = 10.0.40219.1
Project("{9A19103F-16F7-4668-BE54-9A1E7A4F7556}") = "GraphqlApp", "GraphqlApp\GraphqlApp.csproj", "{58D1B70E-0FF3-41D6-96E0-CFD9A7353395}"
EndProject
Project("{FAE04EC0-301F-11D3-BF4B-00C04F79EFBC}") = "GraphQLHotChocolate", "GraphQLHotChocolate\GraphQLHotChocolate.csproj", "{1EDDDB38-6DC6-4EB3-9172-477D7E8152A6}"
EndProject
Global
	GlobalSection(SolutionConfigurationPlatforms) = preSolution
		Debug|Any CPU = Debug|Any CPU
		Release|Any CPU = Release|Any CPU
	EndGlobalSection
	GlobalSection(ProjectConfigurationPlatforms) = postSolution
		{58D1B70E-0FF3-41D6-96E0-CFD9A7353395}.Debug|Any CPU.ActiveCfg = Debug|Any CPU
		{58D1B70E-0FF3-41D6-96E0-CFD9A7353395}.Debug|Any CPU.Build.0 = Debug|Any CPU
		{58D1B70E-0FF3-41D6-96E0-CFD9A7353395}.Release|Any CPU.ActiveCfg = Release|Any CPU
		{58D1B70E-0FF3-41D6-96E0-CFD9A7353395}.Release|Any CPU.Build.0 = Release|Any CPU
		{1EDDDB38-6DC6-4EB3-9172-477D7E8152A6}.Debug|Any CPU.ActiveCfg = Debug|Any CPU
		{1EDDDB38-6DC6-4EB3-9172-477D7E8152A6}.Debug|Any CPU.Build.0 = Debug|Any CPU
		{1EDDDB38-6DC6-4EB3-9172-477D7E8152A6}.Release|Any CPU.ActiveCfg = Release|Any CPU
		{1EDDDB38-6DC6-4EB3-9172-477D7E8152A6}.Release|Any CPU.Build.0 = Release|Any CPU
	EndGlobalSection
	GlobalSection(SolutionProperties) = preSolution
		HideSolutionNode = FALSE
	EndGlobalSection
	GlobalSection(ExtensibilityGlobals) = postSolution
		SolutionGuid = {9C7B3B49-0B47-4091-9BEF-2CA45A511DA8}
	EndGlobalSection
EndGlobal
